
Microsoft Visual Studio Solution File, Format Version 12.00
# Visual Studio Version 16
VisualStudioVersion = 16.0.31025.194
MinimumVisualStudioVersion = 10.0.40219.1
Project("{FAE04EC0-301F-11D3-BF4B-00C04F79EFBC}") = "CustomPrompt", "CustomPrompt\CustomPrompt.csproj", "{6B920E37-0593-4403-9AE1-04EF0241B4E0}"
EndProject
Global
	GlobalSection(SolutionConfigurationPlatforms) = preSolution
		Debug|Any CPU = Debug|Any CPU
		Release|Any CPU = Release|Any CPU
	EndGlobalSection
	GlobalSection(ProjectConfigurationPlatforms) = postSolution
		{6B920E37-0593-4403-9AE1-04EF0241B4E0}.Debug|Any CPU.ActiveCfg = Debug|Any CPU
		{6B920E37-0593-4403-9AE1-04EF0241B4E0}.Debug|Any CPU.Build.0 = Debug|Any CPU
		{6B920E37-0593-4403-9AE1-04EF0241B4E0}.Release|Any CPU.ActiveCfg = Release|Any CPU
		{6B920E37-0593-4403-9AE1-04EF0241B4E0}.Release|Any CPU.Build.0 = Release|Any CPU
	EndGlobalSection
	GlobalSection(SolutionProperties) = preSolution
		HideSolutionNode = FALSE
	EndGlobalSection
	GlobalSection(ExtensibilityGlobals) = postSolution
		SolutionGuid = {A069BB5E-4551-4AA2-9423-C625403C48CA}
	EndGlobalSection
EndGlobal
